
Microsoft Visual Studio Solution File, Format Version 12.00
# Visual Studio 2012
Project("{FAE04EC0-301F-11D3-BF4B-00C04F79EFBC}") = "convert1", "convert1.csproj", "{1510ABF4-6790-45E3-AFDF-8547E495773C}"
EndProject
Global
	GlobalSection(SolutionConfigurationPlatforms) = preSolution
		Debug|Any CPU = Debug|Any CPU
		Release|Any CPU = Release|Any CPU
	EndGlobalSection
	GlobalSection(ProjectConfigurationPlatforms) = postSolution
		{1510ABF4-6790-45E3-AFDF-8547E495773C}.Debug|Any CPU.ActiveCfg = Debug|Any CPU
		{1510ABF4-6790-45E3-AFDF-8547E495773C}.Debug|Any CPU.Build.0 = Debug|Any CPU
		{1510ABF4-6790-45E3-AFDF-8547E495773C}.Release|Any CPU.ActiveCfg = Release|Any CPU
		{1510ABF4-6790-45E3-AFDF-8547E495773C}.Release|Any CPU.Build.0 = Release|Any CPU
	EndGlobalSection
	GlobalSection(SolutionProperties) = preSolution
		HideSolutionNode = FALSE
	EndGlobalSection
EndGlobal
